
Microsoft Visual Studio Solution File, Format Version 12.00
# Visual Studio Version 16
VisualStudioVersion = 16.0.810.14
MinimumVisualStudioVersion = 10.0.40219.1
Project("{FAE04EC0-301F-11D3-BF4B-00C04F79EFBC}") = "JackAreJunkConsole", "JackAreJunk\JackAreJunkConsole.csproj", "{895390DB-165A-49BF-B646-86CA81A14437}"
EndProject
Project("{FAE04EC0-301F-11D3-BF4B-00C04F79EFBC}") = "JackAreJunkCore", "JackAreJunkCore\JackAreJunkCore.csproj", "{9CCBC849-CF4F-4CAE-ACC1-D1932F32D64C}"
EndProject
Project("{FAE04EC0-301F-11D3-BF4B-00C04F79EFBC}") = "JackAreJunk.Web", "JackAreJunk.Web\JackAreJunk.Web.csproj", "{B4597E6A-5480-4D2D-AFF0-A8314C63C26B}"
EndProject
Global
	GlobalSection(SolutionConfigurationPlatforms) = preSolution
		Debug|Any CPU = Debug|Any CPU
		Release|Any CPU = Release|Any CPU
	EndGlobalSection
	GlobalSection(ProjectConfigurationPlatforms) = postSolution
		{895390DB-165A-49BF-B646-86CA81A14437}.Debug|Any CPU.ActiveCfg = Debug|Any CPU
		{895390DB-165A-49BF-B646-86CA81A14437}.Debug|Any CPU.Build.0 = Debug|Any CPU
		{895390DB-165A-49BF-B646-86CA81A14437}.Release|Any CPU.ActiveCfg = Release|Any CPU
		{895390DB-165A-49BF-B646-86CA81A14437}.Release|Any CPU.Build.0 = Release|Any CPU
		{9CCBC849-CF4F-4CAE-ACC1-D1932F32D64C}.Debug|Any CPU.ActiveCfg = Debug|Any CPU
		{9CCBC849-CF4F-4CAE-ACC1-D1932F32D64C}.Debug|Any CPU.Build.0 = Debug|Any CPU
		{9CCBC849-CF4F-4CAE-ACC1-D1932F32D64C}.Release|Any CPU.ActiveCfg = Release|Any CPU
		{9CCBC849-CF4F-4CAE-ACC1-D1932F32D64C}.Release|Any CPU.Build.0 = Release|Any CPU
		{B4597E6A-5480-4D2D-AFF0-A8314C63C26B}.Debug|Any CPU.ActiveCfg = Debug|Any CPU
		{B4597E6A-5480-4D2D-AFF0-A8314C63C26B}.Debug|Any CPU.Build.0 = Debug|Any CPU
		{B4597E6A-5480-4D2D-AFF0-A8314C63C26B}.Release|Any CPU.ActiveCfg = Release|Any CPU
		{B4597E6A-5480-4D2D-AFF0-A8314C63C26B}.Release|Any CPU.Build.0 = Release|Any CPU
	EndGlobalSection
	GlobalSection(SolutionProperties) = preSolution
		HideSolutionNode = FALSE
	EndGlobalSection
	GlobalSection(ExtensibilityGlobals) = postSolution
		SolutionGuid = {53F7DEB4-8BF9-4BD3-9107-4D9657E9F0C4}
	EndGlobalSection
EndGlobal
